Artificial Intelligence Database Optimization DNS Routing DevOps UX Optimization Replica Set
Machine Learning GraphQL Success is not in what you have, but who you are. Blockchain Replica Set API Gateway Testing If you can dream it, you can do it. Server Response Opportunities don't happen. You create them.
